
Microsoft Visual Studio Solution File, Format Version 11.00
# Visual Studio 2010
Project("{FAE04EC0-301F-11D3-BF4B-00C04F79EFBC}") = "WebReader", "WebReader\WebReader.csproj", "{1F1B40E9-6DC9-4B0E-9ED3-52031ACC1EDA}"
EndProject
Global
	GlobalSection(SolutionConfigurationPlatforms) = preSolution
		Debug|x86 = Debug|x86
		Release|x86 = Release|x86
	EndGlobalSection
	GlobalSection(ProjectConfigurationPlatforms) = postSolution
		{1F1B40E9-6DC9-4B0E-9ED3-52031ACC1EDA}.Debug|x86.ActiveCfg = Debug|x86
		{1F1B40E9-6DC9-4B0E-9ED3-52031ACC1EDA}.Debug|x86.Build.0 = Debug|x86
		{1F1B40E9-6DC9-4B0E-9ED3-52031ACC1EDA}.Release|x86.ActiveCfg = Release|x86
		{1F1B40E9-6DC9-4B0E-9ED3-52031ACC1EDA}.Release|x86.Build.0 = Release|x86
	EndGlobalSection
	GlobalSection(SolutionProperties) = preSolution
		HideSolutionNode = FALSE
	EndGlobalSection
EndGlobal
